
Microsoft Visual Studio Solution File, Format Version 12.00
# Visual Studio Version 16
VisualStudioVersion = 16.0.31729.503
MinimumVisualStudioVersion = 10.0.40219.1
Project("{FAE04EC0-301F-11D3-BF4B-00C04F79EFBC}") = "MovieList", "MovieList\MovieList.csproj", "{44EAEF5E-6C49-435A-AFFB-62CE25A110EF}"
EndProject
Global
	GlobalSection(SolutionConfigurationPlatforms) = preSolution
		Debug|Any CPU = Debug|Any CPU
		Release|Any CPU = Release|Any CPU
	EndGlobalSection
	GlobalSection(ProjectConfigurationPlatforms) = postSolution
		{44EAEF5E-6C49-435A-AFFB-62CE25A110EF}.Debug|Any CPU.ActiveCfg = Debug|Any CPU
		{44EAEF5E-6C49-435A-AFFB-62CE25A110EF}.Debug|Any CPU.Build.0 = Debug|Any CPU
		{44EAEF5E-6C49-435A-AFFB-62CE25A110EF}.Release|Any CPU.ActiveCfg = Release|Any CPU
		{44EAEF5E-6C49-435A-AFFB-62CE25A110EF}.Release|Any CPU.Build.0 = Release|Any CPU
	EndGlobalSection
	GlobalSection(SolutionProperties) = preSolution
		HideSolutionNode = FALSE
	EndGlobalSection
	GlobalSection(ExtensibilityGlobals) = postSolution
		SolutionGuid = {771C500C-C3E1-45AE-B88A-8435F3F49B31}
	EndGlobalSection
EndGlobal
